// !$*UTF8*$!
{
	archiveVersion = 1;
	classes = {
	};
	objectVersion = 46;
	objects = {

/* Begin PBXBuildFile section */
		1A5A82171EA06BB90054363B /* MYLEmitter.m in Sources */ = {isa = PBXBuildFile; fileRef = 1A5A82161EA06BB90054363B /* MYLEmitter.m */; };
		1AD9BCE81E9F801D0048A982 /* main.m in Sources */ = {isa = PBXBuildFile; fileRef = 1AD9BCE71E9F801D0048A982 /* main.m */; };
		1AD9BCEB1E9F801D0048A982 /* AppDelegate.m in Sources */ = {isa = PBXBuildFile; fileRef = 1AD9BCEA1E9F801D0048A982 /* AppDelegate.m */; };
		1AD9BCEE1E9F801D0048A982 /* ViewController.m in Sources */ = {isa = PBXBuildFile; fileRef = 1AD9BCED1E9F801D0048A982 /* ViewController.m */; };
		1AD9BCF11E9F801D0048A982 /* Main.storyboard in Resources */ = {isa = PBXBuildFile; fileRef = 1AD9BCEF1E9F801D0048A982 /* Main.storyboard */; };
		1AD9BCF31E9F801D0048A982 /* Assets.xcassets in Resources */ = {isa = PBXBuildFile; fileRef = 1AD9BCF21E9F801D0048A982 /* Assets.xcassets */; };
		1AD9BCF61E9F801D0048A982 /* LaunchScreen.storyboard in Resources */ = {isa = PBXBuildFile; fileRef = 1AD9BCF41E9F801D0048A982 /* LaunchScreen.storyboard */; };
		1AD9BD011E9F801D0048A982 /* Emitter____Tests.m in Sources */ = {isa = PBXBuildFile; fileRef = 1AD9BD001E9F801D0048A982 /* Emitter____Tests.m */; };
		1AD9BD0C1E9F801D0048A982 /* Emitter____UITests.m in Sources */ = {isa = PBXBuildFile; fileRef = 1AD9BD0B1E9F801D0048A982 /* Emitter____UITests.m */; };
		1AD9BD1A1E9F82F70048A982 /* littleOrangeIcon.png in Resources */ = {isa = PBXBuildFile; fileRef = 1AD9BD191E9F82F70048A982 /* littleOrangeIcon.png */; };
/* End PBXBuildFile section */

/* Begin PBXContainerItemProxy section */
		1AD9BCFD1E9F801D0048A982 /* PBXContainerItemProxy */ = {
			isa = PBXContainerItemProxy;
			containerPortal = 1AD9BCDB1E9F801D0048A982 /* Project object */;
			proxyType = 1;
			remoteGlobalIDString = 1AD9BCE21E9F801D0048A982;
			remoteInfo = "Emitter粒子效果";
		};
		1AD9BD081E9F801D0048A982 /* PBXContainerItemProxy */ = {
			isa = PBXContainerItemProxy;
			containerPortal = 1AD9BCDB1E9F801D0048A982 /* Project object */;
			proxyType = 1;
			remoteGlobalIDString = 1AD9BCE21E9F801D0048A982;
			remoteInfo = "Emitter粒子效果";
		};
/* End PBXContainerItemProxy section */

/* Begin PBXFileReference section */
		1A5A82151EA06BB90054363B /* MYLEmitter.h */ = {isa = PBXFileReference; fileEncoding = 4; lastKnownFileType = sourcecode.c.h; path = MYLEmitter.h; sourceTree = "<group>"; };
		1A5A82161EA06BB90054363B /* MYLEmitter.m */ = {isa = PBXFileReference; fileEncoding = 4; lastKnownFileType = sourcecode.c.objc; path = MYLEmitter.m; sourceTree = "<group>"; };
		1AD9BCE31E9F801D0048A982 /* Emitter粒子效果.app */ = {isa = PBXFileReference; explicitFileType = wrapper.application; includeInIndex = 0; path = "Emitter粒子效果.app"; sourceTree = BUILT_PRODUCTS_DIR; };
		1AD9BCE71E9F801D0048A982 /* main.m */ = {isa = PBXFileReference; lastKnownFileType = sourcecode.c.objc; path = main.m; sourceTree = "<group>"; };
		1AD9BCE91E9F801D0048A982 /* AppDelegate.h */ = {isa = PBXFileReference; lastKnownFileType = sourcecode.c.h; path = AppDelegate.h; sourceTree = "<group>"; };
		1AD9BCEA1E9F801D0048A982 /* AppDelegate.m */ = {isa = PBXFileReference; lastKnownFileType = sourcecode.c.objc; path = AppDelegate.m; sourceTree = "<group>"; };
		1AD9BCEC1E9F801D0048A982 /* ViewController.h */ = {isa = PBXFileReference; lastKnownFileType = sourcecode.c.h; path = ViewController.h; sourceTree = "<group>"; };
		1AD9BCED1E9F801D0048A982 /* ViewController.m */ = {isa = PBXFileReference; lastKnownFileType = sourcecode.c.objc; path = ViewController.m; sourceTree = "<group>"; };
		1AD9BCF01E9F801D0048A982 /* Base */ = {isa = PBXFileReference; lastKnownFileType = file.storyboard; name = Base; path = Base.lproj/Main.storyboard; sourceTree = "<group>"; };
		1AD9BCF21E9F801D0048A982 /* Assets.xcassets */ = {isa = PBXFileReference; lastKnownFileType = folder.assetcatalog; path = Assets.xcassets; sourceTree = "<group>"; };
		1AD9BCF51E9F801D0048A982 /* Base */ = {isa = PBXFileReference; lastKnownFileType = file.storyboard; name = Base; path = Base.lproj/LaunchScreen.storyboard; sourceTree = "<group>"; };
		1AD9BCF71E9F801D0048A982 /* Info.plist */ = {isa = PBXFileReference; lastKnownFileType = text.plist.xml; path = Info.plist; sourceTree = "<group>"; };
		1AD9BCFC1E9F801D0048A982 /* Emitter粒子效果Tests.xctest */ = {isa = PBXFileReference; explicitFileType = wrapper.cfbundle; includeInIndex = 0; path = "Emitter粒子效果Tests.xctest"; sourceTree = BUILT_PRODUCTS_DIR; };
		1AD9BD001E9F801D0048A982 /* Emitter____Tests.m */ = {isa = PBXFileReference; lastKnownFileType = sourcecode.c.objc; path = "Emitter____Tests.m"; sourceTree = "<group>"; };
		1AD9BD021E9F801D0048A982 /* Info.plist */ = {isa = PBXFileReference; lastKnownFileType = text.plist.xml; path = Info.plist; sourceTree = "<group>"; };
		1AD9BD071E9F801D0048A982 /* Emitter粒子效果UITests.xctest */ = {isa = PBXFileReference; explicitFileType = wrapper.cfbundle; includeInIndex = 0; path = "Emitter粒子效果UITests.xctest"; sourceTree = BUILT_PRODUCTS_DIR; };
		1AD9BD0B1E9F801D0048A982 /* Emitter____UITests.m */ = {isa = PBXFileReference; lastKnownFileType = sourcecode.c.objc; path = "Emitter____UITests.m"; sourceTree = "<group>"; };
		1AD9BD0D1E9F801D0048A982 /* Info.plist */ = {isa = PBXFileReference; lastKnownFileType = text.plist.xml; path = Info.plist; sourceTree = "<group>"; };
		1AD9BD191E9F82F70048A982 /* littleOrangeIcon.png */ = {isa = PBXFileReference; lastKnownFileType = image.png; path = littleOrangeIcon.png; sourceTree = "<group>"; };
/* End PBXFileReference section */

/* Begin PBXFrameworksBuildPhase section */
		1AD9BCE01E9F801D0048A982 /* Frameworks */ = {
			isa = PBXFrameworksBuildPhase;
			buildActionMask = 2147483647;
			files = (
			);
			runOnlyForDeploymentPostprocessing = 0;
		};
		1AD9BCF91E9F801D0048A982 /* Frameworks */ = {
			isa = PBXFrameworksBuildPhase;
			buildActionMask = 2147483647;
			files = (
			);
			runOnlyForDeploymentPostprocessing = 0;
		};
		1AD9BD041E9F801D0048A982 /* Frameworks */ = {
			isa = PBXFrameworksBuildPhase;
			buildActionMask = 2147483647;
			files = (
			);
			runOnlyForDeploymentPostprocessing = 0;
		};
/* End PBXFrameworksBuildPhase section */

/* Begin PBXGroup section */
		1AD9BCDA1E9F801D0048A982 = {
			isa = PBXGroup;
			children = (
				1AD9BCE51E9F801D0048A982 /* Emitter粒子效果 */,
				1AD9BCFF1E9F801D0048A982 /* Emitter粒子效果Tests */,
				1AD9BD0A1E9F801D0048A982 /* Emitter粒子效果UITests */,
				1AD9BCE41E9F801D0048A982 /* Products */,
			);
			sourceTree = "<group>";
		};
		1AD9BCE41E9F801D0048A982 /* Products */ = {
			isa = PBXGroup;
			children = (
				1AD9BCE31E9F801D0048A982 /* Emitter粒子效果.app */,
				1AD9BCFC1E9F801D0048A982 /* Emitter粒子效果Tests.xctest */,
				1AD9BD071E9F801D0048A982 /* Emitter粒子效果UITests.xctest */,
			);
			name = Products;
			sourceTree = "<group>";
		};
		1AD9BCE51E9F801D0048A982 /* Emitter粒子效果 */ = {
			isa = PBXGroup;
			children = (
				1AD9BCE91E9F801D0048A982 /* AppDelegate.h */,
				1AD9BCEA1E9F801D0048A982 /* AppDelegate.m */,
				1AD9BD191E9F82F70048A982 /* littleOrangeIcon.png */,
				1AD9BCEC1E9F801D0048A982 /* ViewController.h */,
				1AD9BCED1E9F801D0048A982 /* ViewController.m */,
				1A5A82151EA06BB90054363B /* MYLEmitter.h */,
				1A5A82161EA06BB90054363B /* MYLEmitter.m */,
				1AD9BCEF1E9F801D0048A982 /* Main.storyboard */,
				1AD9BCF21E9F801D0048A982 /* Assets.xcassets */,
				1AD9BCF41E9F801D0048A982 /* LaunchScreen.storyboard */,
				1AD9BCF71E9F801D0048A982 /* Info.plist */,
				1AD9BCE61E9F801D0048A982 /* Supporting Files */,
			);
			path = "Emitter粒子效果";
			sourceTree = "<group>";
		};
		1AD9BCE61E9F801D0048A982 /* Supporting Files */ = {
			isa = PBXGroup;
			children = (
				1AD9BCE71E9F801D0048A982 /* main.m */,
			);
			name = "Supporting Files";
			sourceTree = "<group>";
		};
		1AD9BCFF1E9F801D0048A982 /* Emitter粒子效果Tests */ = {
			isa = PBXGroup;
			children = (
				1AD9BD001E9F801D0048A982 /* Emitter____Tests.m */,
				1AD9BD021E9F801D0048A982 /* Info.plist */,
			);
			path = "Emitter粒子效果Tests";
			sourceTree = "<group>";
		};
		1AD9BD0A1E9F801D0048A982 /* Emitter粒子效果UITests */ = {
			isa = PBXGroup;
			children = (
				1AD9BD0B1E9F801D0048A982 /* Emitter____UITests.m */,
				1AD9BD0D1E9F801D0048A982 /* Info.plist */,
			);
			path = "Emitter粒子效果UITests";
			sourceTree = "<group>";
		};
/* End PBXGroup section */

/* Begin PBXNativeTarget section */
		1AD9BCE21E9F801D0048A982 /* Emitter粒子效果 */ = {
			isa = PBXNativeTarget;
			buildConfigurationList = 1AD9BD101E9F801D0048A982 /* Build configuration list for PBXNativeTarget "Emitter粒子效果" */;
			buildPhases = (
				1AD9BCDF1E9F801D0048A982 /* Sources */,
				1AD9BCE01E9F801D0048A982 /* Frameworks */,
				1AD9BCE11E9F801D0048A982 /* Resources */,
			);
			buildRules = (
			);
			dependencies = (
			);
			name = "Emitter粒子效果";
			productName = "Emitter粒子效果";
			productReference = 1AD9BCE31E9F801D0048A982 /* Emitter粒子效果.app */;
			productType = "com.apple.product-type.application";
		};
		1AD9BCFB1E9F801D0048A982 /* Emitter粒子效果Tests */ = {
			isa = PBXNativeTarget;
			buildConfigurationList = 1AD9BD131E9F801D0048A982 /* Build configuration list for PBXNativeTarget "Emitter粒子效果Tests" */;
			buildPhases = (
				1AD9BCF81E9F801D0048A982 /* Sources */,
				1AD9BCF91E9F801D0048A982 /* Frameworks */,
				1AD9BCFA1E9F801D0048A982 /* Resources */,
			);
			buildRules = (
			);
			dependencies = (
				1AD9BCFE1E9F801D0048A982 /* PBXTargetDependency */,
			);
			name = "Emitter粒子效果Tests";
			productName = "Emitter粒子效果Tests";
			productReference = 1AD9BCFC1E9F801D0048A982 /* Emitter粒子效果Tests.xctest */;
			productType = "com.apple.product-type.bundle.unit-test";
		};
		1AD9BD061E9F801D0048A982 /* Emitter粒子效果UITests */ = {
			isa = PBXNativeTarget;
			buildConfigurationList = 1AD9BD161E9F801D0048A982 /* Build configuration list for PBXNativeTarget "Emitter粒子效果UITests" */;
			buildPhases = (
				1AD9BD031E9F801D0048A982 /* Sources */,
				1AD9BD041E9F801D0048A982 /* Frameworks */,
				1AD9BD051E9F801D0048A982 /* Resources */,
			);
			buildRules = (
			);
			dependencies = (
				1AD9BD091E9F801D0048A982 /* PBXTargetDependency */,
			);
			name = "Emitter粒子效果UITests";
			productName = "Emitter粒子效果UITests";
			productReference = 1AD9BD071E9F801D0048A982 /* Emitter粒子效果UITests.xctest */;
			productType = "com.apple.product-type.bundle.ui-testing";
		};
/* End PBXNativeTarget section */

/* Begin PBXProject section */
		1AD9BCDB1E9F801D0048A982 /* Project object */ = {
			isa = PBXProject;
			attributes = {
				LastUpgradeCheck = 0830;
				ORGANIZATIONNAME = "梅玉龙";
				TargetAttributes = {
					1AD9BCE21E9F801D0048A982 = {
						CreatedOnToolsVersion = 8.3;
						DevelopmentTeam = K4QELBPDLF;
						ProvisioningStyle = Automatic;
					};
					1AD9BCFB1E9F801D0048A982 = {
						CreatedOnToolsVersion = 8.3;
						DevelopmentTeam = K4QELBPDLF;
						ProvisioningStyle = Automatic;
						TestTargetID = 1AD9BCE21E9F801D0048A982;
					};
					1AD9BD061E9F801D0048A982 = {
						CreatedOnToolsVersion = 8.3;
						DevelopmentTeam = K4QELBPDLF;
						ProvisioningStyle = Automatic;
						TestTargetID = 1AD9BCE21E9F801D0048A982;
					};
				};
			};
			buildConfigurationList = 1AD9BCDE1E9F801D0048A982 /* Build configuration list for PBXProject "Emitter粒子效果" */;
			compatibilityVersion = "Xcode 3.2";
			developmentRegion = English;
			hasScannedForEncodings = 0;
			knownRegions = (
				en,
				Base,
			);
			mainGroup = 1AD9BCDA1E9F801D0048A982;
			productRefGroup = 1AD9BCE41E9F801D0048A982 /* Products */;
			projectDirPath = "";
			projectRoot = "";
			targets = (
				1AD9BCE21E9F801D0048A982 /* Emitter粒子效果 */,
				1AD9BCFB1E9F801D0048A982 /* Emitter粒子效果Tests */,
				1AD9BD061E9F801D0048A982 /* Emitter粒子效果UITests */,
			);
		};
/* End PBXProject section */

/* Begin PBXResourcesBuildPhase section */
		1AD9BCE11E9F801D0048A982 /* Resources */ = {
			isa = PBXResourcesBuildPhase;
			buildActionMask = 2147483647;
			files = (
				1AD9BCF61E9F801D0048A982 /* LaunchScreen.storyboard in Resources */,
				1AD9BCF31E9F801D0048A982 /* Assets.xcassets in Resources */,
				1AD9BD1A1E9F82F70048A982 /* littleOrangeIcon.png in Resources */,
				1AD9BCF11E9F801D0048A982 /* Main.storyboard in Resources */,
			);
			runOnlyForDeploymentPostprocessing = 0;
		};
		1AD9BCFA1E9F801D0048A982 /* Resources */ = {
			isa = PBXResourcesBuildPhase;
			buildActionMask = 2147483647;
			files = (
			);
			runOnlyForDeploymentPostprocessing = 0;
		};
		1AD9BD051E9F801D0048A982 /* Resources */ = {
			isa = PBXResourcesBuildPhase;
			buildActionMask = 2147483647;
			files = (
			);
			runOnlyForDeploymentPostprocessing = 0;
		};
/* End PBXResourcesBuildPhase section */

/* Begin PBXSourcesBuildPhase section */
		1AD9BCDF1E9F801D0048A982 /* Sources */ = {
			isa = PBXSourcesBuildPhase;
			buildActionMask = 2147483647;
			files = (
				1AD9BCEE1E9F801D0048A982 /* ViewController.m in Sources */,
				1AD9BCEB1E9F801D0048A982 /* AppDelegate.m in Sources */,
				1AD9BCE81E9F801D0048A982 /* main.m in Sources */,
				1A5A82171EA06BB90054363B /* MYLEmitter.m in Sources */,
			);
			runOnlyForDeploymentPostprocessing = 0;
		};
		1AD9BCF81E9F801D0048A982 /* Sources */ = {
			isa = PBXSourcesBuildPhase;
			buildActionMask = 2147483647;
			files = (
				1AD9BD011E9F801D0048A982 /* Emitter____Tests.m in Sources */,
			);
			runOnlyForDeploymentPostprocessing = 0;
		};
		1AD9BD031E9F801D0048A982 /* Sources */ = {
			isa = PBXSourcesBuildPhase;
			buildActionMask = 2147483647;
			files = (
				1AD9BD0C1E9F801D0048A982 /* Emitter____UITests.m in Sources */,
			);
			runOnlyForDeploymentPostprocessing = 0;
		};
/* End PBXSourcesBuildPhase section */

/* Begin PBXTargetDependency section */
		1AD9BCFE1E9F801D0048A982 /* PBXTargetDependency */ = {
			isa = PBXTargetDependency;
			target = 1AD9BCE21E9F801D0048A982 /* Emitter粒子效果 */;
			targetProxy = 1AD9BCFD1E9F801D0048A982 /* PBXContainerItemProxy */;
		};
		1AD9BD091E9F801D0048A982 /* PBXTargetDependency */ = {
			isa = PBXTargetDependency;
			target = 1AD9BCE21E9F801D0048A982 /* Emitter粒子效果 */;
			targetProxy = 1AD9BD081E9F801D0048A982 /* PBXContainerItemProxy */;
		};
/* End PBXTargetDependency section */

/* Begin PBXVariantGroup section */
		1AD9BCEF1E9F801D0048A982 /* Main.storyboard */ = {
			isa = PBXVariantGroup;
			children = (
				1AD9BCF01E9F801D0048A982 /* Base */,
			);
			name = Main.storyboard;
			sourceTree = "<group>";
		};
		1AD9BCF41E9F801D0048A982 /* LaunchScreen.storyboard */ = {
			isa = PBXVariantGroup;
			children = (
				1AD9BCF51E9F801D0048A982 /* Base */,
			);
			name = LaunchScreen.storyboard;
			sourceTree = "<group>";
		};
/* End PBXVariantGroup section */

/* Begin XCBuildConfiguration section */
		1AD9BD0E1E9F801D0048A982 /* Debug */ = {
			isa = XCBuildConfiguration;
			buildSettings = {
				ALWAYS_SEARCH_USER_PATHS = NO;
				CLANG_ANALYZER_NONNULL = YES;
				CLANG_ANALYZER_NUMBER_OBJECT_CONVERSION = YES_AGGRESSIVE;
				CLANG_CXX_LANGUAGE_STANDARD = "gnu++0x";
				CLANG_CXX_LIBRARY = "libc++";
				CLANG_ENABLE_MODULES = YES;
				CLANG_ENABLE_OBJC_ARC = YES;
				CLANG_WARN_BOOL_CONVERSION = YES;
				CLANG_WARN_CONSTANT_CONVERSION = YES;
				CLANG_WARN_DIRECT_OBJC_ISA_USAGE = YES_ERROR;
				CLANG_WARN_DOCUMENTATION_COMMENTS = YES;
				CLANG_WARN_EMPTY_BODY = YES;
				CLANG_WARN_ENUM_CONVERSION = YES;
				CLANG_WARN_INFINITE_RECURSION = YES;
				CLANG_WARN_INT_CONVERSION = YES;
				CLANG_WARN_OBJC_ROOT_CLASS = YES_ERROR;
				CLANG_WARN_SUSPICIOUS_MOVE = YES;
				CLANG_WARN_UNREACHABLE_CODE = YES;
				CLANG_WARN__DUPLICATE_METHOD_MATCH = YES;
				"CODE_SIGN_IDENTITY[sdk=iphoneos*]" = "iPhone Developer";
				COPY_PHASE_STRIP = NO;
				DEBUG_INFORMATION_FORMAT = dwarf;
				ENABLE_STRICT_OBJC_MSGSEND = YES;
				ENABLE_TESTABILITY = YES;
				GCC_C_LANGUAGE_STANDARD = gnu99;
				GCC_DYNAMIC_NO_PIC = NO;
				GCC_NO_COMMON_BLOCKS = YES;
				GCC_OPTIMIZATION_LEVEL = 0;
				GCC_PREPROCESSOR_DEFINITIONS = (
					"DEBUG=1",
					"$(inherited)",
				);
				GCC_WARN_64_TO_32_BIT_CONVERSION = YES;
				GCC_WARN_ABOUT_RETURN_TYPE = YES_ERROR;
				GCC_WARN_UNDECLARED_SELECTOR = YES;
				GCC_WARN_UNINITIALIZED_AUTOS = YES_AGGRESSIVE;
				GCC_WARN_UNUSED_FUNCTION = YES;
				GCC_WARN_UNUSED_VARIABLE = YES;
				IPHONEOS_DEPLOYMENT_TARGET = 10.3;
				MTL_ENABLE_DEBUG_INFO = YES;
				ONLY_ACTIVE_ARCH = YES;
				SDKROOT = iphoneos;
				TARGETED_DEVICE_FAMILY = "1,2";
			};
			name = Debug;
		};
		1AD9BD0F1E9F801D0048A982 /* Release */ = {
			isa = XCBuildConfiguration;
			buildSettings = {
				ALWAYS_SEARCH_USER_PATHS = NO;
				CLANG_ANALYZER_NONNULL = YES;
				CLANG_ANALYZER_NUMBER_OBJECT_CONVERSION = YES_AGGRESSIVE;
				CLANG_CXX_LANGUAGE_STANDARD = "gnu++0x";
				CLANG_CXX_LIBRARY = "libc++";
				CLANG_ENABLE_MODULES = YES;
				CLANG_ENABLE_OBJC_ARC = YES;
				CLANG_WARN_BOOL_CONVERSION = YES;
				CLANG_WARN_CONSTANT_CONVERSION = YES;
				CLANG_WARN_DIRECT_OBJC_ISA_USAGE = YES_ERROR;
				CLANG_WARN_DOCUMENTATION_COMMENTS = YES;
				CLANG_WARN_EMPTY_BODY = YES;
				CLANG_WARN_ENUM_CONVERSION = YES;
				CLANG_WARN_INFINITE_RECURSION = YES;
				CLANG_WARN_INT_CONVERSION = YES;
				CLANG_WARN_OBJC_ROOT_CLASS = YES_ERROR;
				CLANG_WARN_SUSPICIOUS_MOVE = YES;
				CLANG_WARN_UNREACHABLE_CODE = YES;
				CLANG_WARN__DUPLICATE_METHOD_MATCH = YES;
				"CODE_SIGN_IDENTITY[sdk=iphoneos*]" = "iPhone Developer";
				COPY_PHASE_STRIP = NO;
				DEBUG_INFORMATION_FORMAT = "dwarf-with-dsym";
				ENABLE_NS_ASSERTIONS = NO;
				ENABLE_STRICT_OBJC_MSGSEND = YES;
				GCC_C_LANGUAGE_STANDARD = gnu99;
				GCC_NO_COMMON_BLOCKS = YES;
				GCC_WARN_64_TO_32_BIT_CONVERSION = YES;
				GCC_WARN_ABOUT_RETURN_TYPE = YES_ERROR;
				GCC_WARN_UNDECLARED_SELECTOR = YES;
				GCC_WARN_UNINITIALIZED_AUTOS = YES_AGGRESSIVE;
				GCC_WARN_UNUSED_FUNCTION = YES;
				GCC_WARN_UNUSED_VARIABLE = YES;
				IPHONEOS_DEPLOYMENT_TARGET = 10.3;
				MTL_ENABLE_DEBUG_INFO = NO;
				SDKROOT = iphoneos;
				TARGETED_DEVICE_FAMILY = "1,2";
				VALIDATE_PRODUCT = YES;
			};
			name = Release;
		};
		1AD9BD111E9F801D0048A982 /* Debug */ = {
			isa = XCBuildConfiguration;
			buildSettings = {
				ASSETCATALOG_COMPILER_APPICON_NAME = AppIcon;
				DEVELOPMENT_TEAM = K4QELBPDLF;
				INFOPLIST_FILE = "Emitter粒子效果/Info.plist";
				LD_RUNPATH_SEARCH_PATHS = "$(inherited) @executable_path/Frameworks";
				PRODUCT_BUNDLE_IDENTIFIER = "meiyulong.Emitter----";
				PRODUCT_NAME = "$(TARGET_NAME)";
			};
			name = Debug;
		};
		1AD9BD121E9F801D0048A982 /* Release */ = {
			isa = XCBuildConfiguration;
			buildSettings = {
				ASSETCATALOG_COMPILER_APPICON_NAME = AppIcon;
				DEVELOPMENT_TEAM = K4QELBPDLF;
				INFOPLIST_FILE = "Emitter粒子效果/Info.plist";
				LD_RUNPATH_SEARCH_PATHS = "$(inherited) @executable_path/Frameworks";
				PRODUCT_BUNDLE_IDENTIFIER = "meiyulong.Emitter----";
				PRODUCT_NAME = "$(TARGET_NAME)";
			};
			name = Release;
		};
		1AD9BD141E9F801D0048A982 /* Debug */ = {
			isa = XCBuildConfiguration;
			buildSettings = {
				BUNDLE_LOADER = "$(TEST_HOST)";
				DEVELOPMENT_TEAM = K4QELBPDLF;
				INFOPLIST_FILE = "Emitter粒子效果Tests/Info.plist";
				LD_RUNPATH_SEARCH_PATHS = "$(inherited) @executable_path/Frameworks @loader_path/Frameworks";
				PRODUCT_BUNDLE_IDENTIFIER = "meiyulong.Emitter----Tests";
				PRODUCT_NAME = "$(TARGET_NAME)";
				TEST_HOST = "$(BUILT_PRODUCTS_DIR)/Emitter粒子效果.app/Emitter粒子效果";
			};
			name = Debug;
		};
		1AD9BD151E9F801D0048A982 /* Release */ = {
			isa = XCBuildConfiguration;
			buildSettings = {
				BUNDLE_LOADER = "$(TEST_HOST)";
				DEVELOPMENT_TEAM = K4QELBPDLF;
				INFOPLIST_FILE = "Emitter粒子效果Tests/Info.plist";
				LD_RUNPATH_SEARCH_PATHS = "$(inherited) @executable_path/Frameworks @loader_path/Frameworks";
				PRODUCT_BUNDLE_IDENTIFIER = "meiyulong.Emitter----Tests";
				PRODUCT_NAME = "$(TARGET_NAME)";
				TEST_HOST = "$(BUILT_PRODUCTS_DIR)/Emitter粒子效果.app/Emitter粒子效果";
			};
			name = Release;
		};
		1AD9BD171E9F801D0048A982 /* Debug */ = {
			isa = XCBuildConfiguration;
			buildSettings = {
				DEVELOPMENT_TEAM = K4QELBPDLF;
				INFOPLIST_FILE = "Emitter粒子效果UITests/Info.plist";
				LD_RUNPATH_SEARCH_PATHS = "$(inherited) @executable_path/Frameworks @loader_path/Frameworks";
				PRODUCT_BUNDLE_IDENTIFIER = "meiyulong.Emitter----UITests";
				PRODUCT_NAME = "$(TARGET_NAME)";
				TEST_TARGET_NAME = "Emitter粒子效果";
			};
			name = Debug;
		};
		1AD9BD181E9F801D0048A982 /* Release */ = {
			isa = XCBuildConfiguration;
			buildSettings = {
				DEVELOPMENT_TEAM = K4QELBPDLF;
				INFOPLIST_FILE = "Emitter粒子效果UITests/Info.plist";
				LD_RUNPATH_SEARCH_PATHS = "$(inherited) @executable_path/Frameworks @loader_path/Frameworks";
				PRODUCT_BUNDLE_IDENTIFIER = "meiyulong.Emitter----UITests";
				PRODUCT_NAME = "$(TARGET_NAME)";
				TEST_TARGET_NAME = "Emitter粒子效果";
			};
			name = Release;
		};
/* End XCBuildConfiguration section */

/* Begin XCConfigurationList section */
		1AD9BCDE1E9F801D0048A982 /* Build configuration list for PBXProject "Emitter粒子效果" */ = {
			isa = XCConfigurationList;
			buildConfigurations = (
				1AD9BD0E1E9F801D0048A982 /* Debug */,
				1AD9BD0F1E9F801D0048A982 /* Release */,
			);
			defaultConfigurationIsVisible = 0;
			defaultConfigurationName = Release;
		};
		1AD9BD101E9F801D0048A982 /* Build configuration list for PBXNativeTarget "Emitter粒子效果" */ = {
			isa = XCConfigurationList;
			buildConfigurations = (
				1AD9BD111E9F801D0048A982 /* Debug */,
				1AD9BD121E9F801D0048A982 /* Release */,
			);
			defaultConfigurationIsVisible = 0;
			defaultConfigurationName = Release;
		};
		1AD9BD131E9F801D0048A982 /* Build configuration list for PBXNativeTarget "Emitter粒子效果Tests" */ = {
			isa = XCConfigurationList;
			buildConfigurations = (
				1AD9BD141E9F801D0048A982 /* Debug */,
				1AD9BD151E9F801D0048A982 /* Release */,
			);
			defaultConfigurationIsVisible = 0;
			defaultConfigurationName = Release;
		};
		1AD9BD161E9F801D0048A982 /* Build configuration list for PBXNativeTarget "Emitter粒子效果UITests" */ = {
			isa = XCConfigurationList;
			buildConfigurations = (
				1AD9BD171E9F801D0048A982 /* Debug */,
				1AD9BD181E9F801D0048A982 /* Release */,
			);
			defaultConfigurationIsVisible = 0;
			defaultConfigurationName = Release;
		};
/* End XCConfigurationList section */
	};
	rootObject = 1AD9BCDB1E9F801D0048A982 /* Project object */;
}
